
Microsoft Visual Studio Solution File, Format Version 12.00
# Visual Studio 2013
VisualStudioVersion = 12.0.40629.0
MinimumVisualStudioVersion = 10.0.40219.1
Project("{888888A0-9F3D-457C-B088-3A5042F75D52}") = "vipapp", "vipapp\vipapp.pyproj", "{FF0F73A5-3FC9-4342-A4BD-70821E1BCCCF}"
EndProject
Global
	GlobalSection(SolutionConfigurationPlatforms) = preSolution
		Debug|Any CPU = Debug|Any CPU
		Release|Any CPU = Release|Any CPU
	EndGlobalSection
	GlobalSection(ProjectConfigurationPlatforms) = postSolution
		{FF0F73A5-3FC9-4342-A4BD-70821E1BCCCF}.Debug|Any CPU.ActiveCfg = Debug|Any CPU
		{FF0F73A5-3FC9-4342-A4BD-70821E1BCCCF}.Debug|Any CPU.Build.0 = Debug|Any CPU
		{FF0F73A5-3FC9-4342-A4BD-70821E1BCCCF}.Release|Any CPU.ActiveCfg = Release|Any CPU
		{FF0F73A5-3FC9-4342-A4BD-70821E1BCCCF}.Release|Any CPU.Build.0 = Release|Any CPU
	EndGlobalSection
	GlobalSection(SolutionProperties) = preSolution
		HideSolutionNode = FALSE
	EndGlobalSection
EndGlobal
